
Microsoft Visual Studio Solution File, Format Version 12.00
# Visual Studio Version 16
VisualStudioVersion = 16.0.30804.86
MinimumVisualStudioVersion = 10.0.40219.1
Project("{9A19103F-16F7-4668-BE54-9A1E7A4F7556}") = "ServerApp", "ServerApp\ServerApp.csproj", "{BEFE95D4-C814-4E8C-97A3-0C910FCAA3B7}"
EndProject
Project("{E24C65DC-7377-472B-9ABA-BC803B73C61A}") = "ClientApp", "ClientApp\", "{6CA00BCC-91C3-4D61-BE13-C6E2D114AD2A}"
	ProjectSection(WebsiteProperties) = preProject
		TargetFrameworkMoniker = ".NETFramework,Version%3Dv4.0"
		Debug.AspNetCompiler.VirtualPath = "/localhost_57033"
		Debug.AspNetCompiler.PhysicalPath = "ClientApp\"
		Debug.AspNetCompiler.TargetPath = "PrecompiledWeb\localhost_57033\"
		Debug.AspNetCompiler.Updateable = "true"
		Debug.AspNetCompiler.ForceOverwrite = "true"
		Debug.AspNetCompiler.FixedNames = "false"
		Debug.AspNetCompiler.Debug = "True"
		Release.AspNetCompiler.VirtualPath = "/localhost_57033"
		Release.AspNetCompiler.PhysicalPath = "ClientApp\"
		Release.AspNetCompiler.TargetPath = "PrecompiledWeb\localhost_57033\"
		Release.AspNetCompiler.Updateable = "true"
		Release.AspNetCompiler.ForceOverwrite = "true"
		Release.AspNetCompiler.FixedNames = "false"
		Release.AspNetCompiler.Debug = "False"
		VWDPort = "57033"
		SlnRelativePath = "ClientApp\"
	EndProjectSection
EndProject
Global
	GlobalSection(SolutionConfigurationPlatforms) = preSolution
		Debug|Any CPU = Debug|Any CPU
		Release|Any CPU = Release|Any CPU
	EndGlobalSection
	GlobalSection(ProjectConfigurationPlatforms) = postSolution
		{BEFE95D4-C814-4E8C-97A3-0C910FCAA3B7}.Debug|Any CPU.ActiveCfg = Debug|Any CPU
		{BEFE95D4-C814-4E8C-97A3-0C910FCAA3B7}.Debug|Any CPU.Build.0 = Debug|Any CPU
		{BEFE95D4-C814-4E8C-97A3-0C910FCAA3B7}.Release|Any CPU.ActiveCfg = Release|Any CPU
		{BEFE95D4-C814-4E8C-97A3-0C910FCAA3B7}.Release|Any CPU.Build.0 = Release|Any CPU
		{6CA00BCC-91C3-4D61-BE13-C6E2D114AD2A}.Debug|Any CPU.ActiveCfg = Debug|Any CPU
		{6CA00BCC-91C3-4D61-BE13-C6E2D114AD2A}.Debug|Any CPU.Build.0 = Debug|Any CPU
		{6CA00BCC-91C3-4D61-BE13-C6E2D114AD2A}.Release|Any CPU.ActiveCfg = Debug|Any CPU
		{6CA00BCC-91C3-4D61-BE13-C6E2D114AD2A}.Release|Any CPU.Build.0 = Debug|Any CPU
	EndGlobalSection
	GlobalSection(SolutionProperties) = preSolution
		HideSolutionNode = FALSE
	EndGlobalSection
	GlobalSection(ExtensibilityGlobals) = postSolution
		SolutionGuid = {1EA65A22-607D-47D7-9D0D-CA7F6C6DBBF4}
	EndGlobalSection
EndGlobal
